
Microsoft Visual Studio Solution File, Format Version 12.00
# Visual Studio 2015
Project("{FAE04EC0-301F-11D3-BF4B-00C04F79EFBC}") = "solitaire.CSharp", "solitaire.CSharp.csproj", "{E96C5812-3C29-84F9-9734-6DF833E4A3E7}"
EndProject
Project("{FAE04EC0-301F-11D3-BF4B-00C04F79EFBC}") = "solitaire.CSharp.Editor", "solitaire.CSharp.Editor.csproj", "{A18C4A86-B8B7-7A37-1034-A6CF3EA511DE}"
EndProject
Global
	GlobalSection(SolutionConfigurationPlatforms) = preSolution
		Debug|Any CPU = Debug|Any CPU
		Release|Any CPU = Release|Any CPU
	EndGlobalSection
	GlobalSection(ProjectConfigurationPlatforms) = postSolution
		{E96C5812-3C29-84F9-9734-6DF833E4A3E7}.Debug|Any CPU.ActiveCfg = Debug|Any CPU
		{E96C5812-3C29-84F9-9734-6DF833E4A3E7}.Debug|Any CPU.Build.0 = Debug|Any CPU
		{E96C5812-3C29-84F9-9734-6DF833E4A3E7}.Release|Any CPU.ActiveCfg = Release|Any CPU
		{E96C5812-3C29-84F9-9734-6DF833E4A3E7}.Release|Any CPU.Build.0 = Release|Any CPU
		{A18C4A86-B8B7-7A37-1034-A6CF3EA511DE}.Debug|Any CPU.ActiveCfg = Debug|Any CPU
		{A18C4A86-B8B7-7A37-1034-A6CF3EA511DE}.Debug|Any CPU.Build.0 = Debug|Any CPU
		{A18C4A86-B8B7-7A37-1034-A6CF3EA511DE}.Release|Any CPU.ActiveCfg = Release|Any CPU
		{A18C4A86-B8B7-7A37-1034-A6CF3EA511DE}.Release|Any CPU.Build.0 = Release|Any CPU
	EndGlobalSection
	GlobalSection(SolutionProperties) = preSolution
		HideSolutionNode = FALSE
	EndGlobalSection
EndGlobal
